<?xml version="1.0" encoding="utf-8"?>
<Project ToolsVersion="4.0" xmlns="http://schemas.microsoft.com/developer/msbuild/2003">
  <ItemGroup>
    <CustomBuild Include="..\..\..\Downloads\OpenGL-tutorial_v0010_33\OpenGL-tutorial_v0010_33\CMakeLists.txt" />
    <CustomBuild Include="CMakeFiles\8a66d9d7aecfafa111bb13973db3ab17\ALL_BUILD.rule">
      <Filter>CMake Rules</Filter>
    </CustomBuild>
  </ItemGroup>
  <ItemGroup>
    <None Include="CMakeFiles\ALL_BUILD" />
  </ItemGroup>
  <ItemGroup>
    <Filter Include="CMake Rules">
      <UniqueIdentifier>{B0B7935B-DD86-40FD-B305-3C6605CC1BEE}</UniqueIdentifier>
    </Filter>
  </ItemGroup>
</Project>
