Microsoft Visual Studio Solution File, Format Version 11.00
# Visual Studio 2010
Project("{8BC9CEB8-8B4A-11D0-8D11-00A0C91BC942}") = "ALL_BUILD", "ALL_BUILD.vcxproj", "{AB705A80-58A7-4DF8-8D41-2F024959F2C8}"
	ProjectSection(ProjectDependencies) = postProject
		{70940400-2FF2-4172-A89C-74AD467E147D} = {70940400-2FF2-4172-A89C-74AD467E147D}
		{20F1B00A-09DD-4021-B06B-1CE0E271F070} = {20F1B00A-09DD-4021-B06B-1CE0E271F070}
		{6F278721-33B0-416C-ADB3-7B7FCD5562CB} = {6F278721-33B0-416C-ADB3-7B7FCD5562CB}
		{5FFEDAC8-8ECA-492F-B079-B5D76480412B} = {5FFEDAC8-8ECA-492F-B079-B5D76480412B}
		{20B7C939-BC69-4279-BB0E-CBFB99EBD996} = {20B7C939-BC69-4279-BB0E-CBFB99EBD996}
		{88C72F7B-65B4-4CD4-8162-593DA34B9B54} = {88C72F7B-65B4-4CD4-8162-593DA34B9B54}
		{00098F2B-5077-4BB4-A838-9B7FFE5408B8} = {00098F2B-5077-4BB4-A838-9B7FFE5408B8}
		{174F6CD0-F48E-426E-B7E3-6B6815166EC9} = {174F6CD0-F48E-426E-B7E3-6B6815166EC9}
		{021F3EFE-4651-41FF-AE08-4C76DC4BD867} = {021F3EFE-4651-41FF-AE08-4C76DC4BD867}
		{40372F4B-E8C0-4BC9-BEF6-4BE44256A029} = {40372F4B-E8C0-4BC9-BEF6-4BE44256A029}
		{77C61649-654B-4350-8819-9251F7C2C94B} = {77C61649-654B-4350-8819-9251F7C2C94B}
		{876FE403-AA3E-4F63-B2DD-2F144AF54E10} = {876FE403-AA3E-4F63-B2DD-2F144AF54E10}
		{159FD9C8-7044-4704-94A6-EF8364FDBD05} = {159FD9C8-7044-4704-94A6-EF8364FDBD05}
		{16E50DAB-FD4F-4807-9EDC-C4155872E020} = {16E50DAB-FD4F-4807-9EDC-C4155872E020}
		{27FDB4D0-A5D4-497B-A89D-E31AA4C0555F} = {27FDB4D0-A5D4-497B-A89D-E31AA4C0555F}
		{B655D7BF-997C-4DA4-BA21-81A5BDA6650A} = {B655D7BF-997C-4DA4-BA21-81A5BDA6650A}
		{F1B70DFB-D717-43F7-9358-826AC5080C94} = {F1B70DFB-D717-43F7-9358-826AC5080C94}
		{105D43A7-E68A-469D-A5E4-48DFC212BF1F} = {105D43A7-E68A-469D-A5E4-48DFC212BF1F}
		{A2360FA9-EEF9-4157-B436-AA31F58744F6} = {A2360FA9-EEF9-4157-B436-AA31F58744F6}
		{0E1CE3E5-935F-4F58-A0D2-C78EB66527DE} = {0E1CE3E5-935F-4F58-A0D2-C78EB66527DE}
		{9765FFB4-1DF6-4FFD-A55C-3F6209922F62} = {9765FFB4-1DF6-4FFD-A55C-3F6209922F62}
		{51EC7305-1BA7-41C5-9F33-282C1B91F026} = {51EC7305-1BA7-41C5-9F33-282C1B91F026}
		{6EB86DFF-C08A-46E2-AA0E-03C1A23AA150} = {6EB86DFF-C08A-46E2-AA0E-03C1A23AA150}
	EndProjectSection
EndProject
Project("{8BC9CEB8-8B4A-11D0-8D11-00A0C91BC942}") = "ANTTWEAKBAR_151_OGLCORE_GLFW", "external\ANTTWEAKBAR_151_OGLCORE_GLFW.vcxproj", "{70940400-2FF2-4172-A89C-74AD467E147D}"
	ProjectSection(ProjectDependencies) = postProject
		{5FFEDAC8-8ECA-492F-B079-B5D76480412B} = {5FFEDAC8-8ECA-492F-B079-B5D76480412B}
	EndProjectSection
EndProject
Project("{8BC9CEB8-8B4A-11D0-8D11-00A0C91BC942}") = "GLEW_190", "external\GLEW_190.vcxproj", "{20F1B00A-09DD-4021-B06B-1CE0E271F070}"
	ProjectSection(ProjectDependencies) = postProject
		{5FFEDAC8-8ECA-492F-B079-B5D76480412B} = {5FFEDAC8-8ECA-492F-B079-B5D76480412B}
	EndProjectSection
EndProject
Project("{8BC9CEB8-8B4A-11D0-8D11-00A0C91BC942}") = "GLFW_276", "external\GLFW_276.vcxproj", "{6F278721-33B0-416C-ADB3-7B7FCD5562CB}"
	ProjectSection(ProjectDependencies) = postProject
		{5FFEDAC8-8ECA-492F-B079-B5D76480412B} = {5FFEDAC8-8ECA-492F-B079-B5D76480412B}
	EndProjectSection
EndProject
Project("{8BC9CEB8-8B4A-11D0-8D11-00A0C91BC942}") = "ZERO_CHECK", "ZERO_CHECK.vcxproj", "{5FFEDAC8-8ECA-492F-B079-B5D76480412B}"
	ProjectSection(ProjectDependencies) = postProject
	EndProjectSection
EndProject
Project("{8BC9CEB8-8B4A-11D0-8D11-00A0C91BC942}") = "playground", "playground.vcxproj", "{20B7C939-BC69-4279-BB0E-CBFB99EBD996}"
	ProjectSection(ProjectDependencies) = postProject
		{20F1B00A-09DD-4021-B06B-1CE0E271F070} = {20F1B00A-09DD-4021-B06B-1CE0E271F070}
		{6F278721-33B0-416C-ADB3-7B7FCD5562CB} = {6F278721-33B0-416C-ADB3-7B7FCD5562CB}
		{5FFEDAC8-8ECA-492F-B079-B5D76480412B} = {5FFEDAC8-8ECA-492F-B079-B5D76480412B}
	EndProjectSection
EndProject
Project("{8BC9CEB8-8B4A-11D0-8D11-00A0C91BC942}") = "tutorial01_first_window", "tutorial01_first_window.vcxproj", "{88C72F7B-65B4-4CD4-8162-593DA34B9B54}"
	ProjectSection(ProjectDependencies) = postProject
		{20F1B00A-09DD-4021-B06B-1CE0E271F070} = {20F1B00A-09DD-4021-B06B-1CE0E271F070}
		{6F278721-33B0-416C-ADB3-7B7FCD5562CB} = {6F278721-33B0-416C-ADB3-7B7FCD5562CB}
		{5FFEDAC8-8ECA-492F-B079-B5D76480412B} = {5FFEDAC8-8ECA-492F-B079-B5D76480412B}
	EndProjectSection
EndProject
Project("{8BC9CEB8-8B4A-11D0-8D11-00A0C91BC942}") = "tutorial02_red_triangle", "tutorial02_red_triangle.vcxproj", "{00098F2B-5077-4BB4-A838-9B7FFE5408B8}"
	ProjectSection(ProjectDependencies) = postProject
		{20F1B00A-09DD-4021-B06B-1CE0E271F070} = {20F1B00A-09DD-4021-B06B-1CE0E271F070}
		{6F278721-33B0-416C-ADB3-7B7FCD5562CB} = {6F278721-33B0-416C-ADB3-7B7FCD5562CB}
		{5FFEDAC8-8ECA-492F-B079-B5D76480412B} = {5FFEDAC8-8ECA-492F-B079-B5D76480412B}
	EndProjectSection
EndProject
Project("{8BC9CEB8-8B4A-11D0-8D11-00A0C91BC942}") = "tutorial03_matrices", "tutorial03_matrices.vcxproj", "{174F6CD0-F48E-426E-B7E3-6B6815166EC9}"
	ProjectSection(ProjectDependencies) = postProject
		{20F1B00A-09DD-4021-B06B-1CE0E271F070} = {20F1B00A-09DD-4021-B06B-1CE0E271F070}
		{6F278721-33B0-416C-ADB3-7B7FCD5562CB} = {6F278721-33B0-416C-ADB3-7B7FCD5562CB}
		{5FFEDAC8-8ECA-492F-B079-B5D76480412B} = {5FFEDAC8-8ECA-492F-B079-B5D76480412B}
	EndProjectSection
EndProject
Project("{8BC9CEB8-8B4A-11D0-8D11-00A0C91BC942}") = "tutorial04_colored_cube", "tutorial04_colored_cube.vcxproj", "{021F3EFE-4651-41FF-AE08-4C76DC4BD867}"
	ProjectSection(ProjectDependencies) = postProject
		{20F1B00A-09DD-4021-B06B-1CE0E271F070} = {20F1B00A-09DD-4021-B06B-1CE0E271F070}
		{6F278721-33B0-416C-ADB3-7B7FCD5562CB} = {6F278721-33B0-416C-ADB3-7B7FCD5562CB}
		{5FFEDAC8-8ECA-492F-B079-B5D76480412B} = {5FFEDAC8-8ECA-492F-B079-B5D76480412B}
	EndProjectSection
EndProject
Project("{8BC9CEB8-8B4A-11D0-8D11-00A0C91BC942}") = "tutorial05_textured_cube", "tutorial05_textured_cube.vcxproj", "{40372F4B-E8C0-4BC9-BEF6-4BE44256A029}"
	ProjectSection(ProjectDependencies) = postProject
		{20F1B00A-09DD-4021-B06B-1CE0E271F070} = {20F1B00A-09DD-4021-B06B-1CE0E271F070}
		{6F278721-33B0-416C-ADB3-7B7FCD5562CB} = {6F278721-33B0-416C-ADB3-7B7FCD5562CB}
		{5FFEDAC8-8ECA-492F-B079-B5D76480412B} = {5FFEDAC8-8ECA-492F-B079-B5D76480412B}
	EndProjectSection
EndProject
Project("{8BC9CEB8-8B4A-11D0-8D11-00A0C91BC942}") = "tutorial06_keyboard_and_mouse", "tutorial06_keyboard_and_mouse.vcxproj", "{77C61649-654B-4350-8819-9251F7C2C94B}"
	ProjectSection(ProjectDependencies) = postProject
		{20F1B00A-09DD-4021-B06B-1CE0E271F070} = {20F1B00A-09DD-4021-B06B-1CE0E271F070}
		{6F278721-33B0-416C-ADB3-7B7FCD5562CB} = {6F278721-33B0-416C-ADB3-7B7FCD5562CB}
		{5FFEDAC8-8ECA-492F-B079-B5D76480412B} = {5FFEDAC8-8ECA-492F-B079-B5D76480412B}
	EndProjectSection
EndProject
Project("{8BC9CEB8-8B4A-11D0-8D11-00A0C91BC942}") = "tutorial07_model_loading", "tutorial07_model_loading.vcxproj", "{876FE403-AA3E-4F63-B2DD-2F144AF54E10}"
	ProjectSection(ProjectDependencies) = postProject
		{20F1B00A-09DD-4021-B06B-1CE0E271F070} = {20F1B00A-09DD-4021-B06B-1CE0E271F070}
		{6F278721-33B0-416C-ADB3-7B7FCD5562CB} = {6F278721-33B0-416C-ADB3-7B7FCD5562CB}
		{5FFEDAC8-8ECA-492F-B079-B5D76480412B} = {5FFEDAC8-8ECA-492F-B079-B5D76480412B}
	EndProjectSection
EndProject
Project("{8BC9CEB8-8B4A-11D0-8D11-00A0C91BC942}") = "tutorial08_basic_shading", "tutorial08_basic_shading.vcxproj", "{159FD9C8-7044-4704-94A6-EF8364FDBD05}"
	ProjectSection(ProjectDependencies) = postProject
		{20F1B00A-09DD-4021-B06B-1CE0E271F070} = {20F1B00A-09DD-4021-B06B-1CE0E271F070}
		{6F278721-33B0-416C-ADB3-7B7FCD5562CB} = {6F278721-33B0-416C-ADB3-7B7FCD5562CB}
		{5FFEDAC8-8ECA-492F-B079-B5D76480412B} = {5FFEDAC8-8ECA-492F-B079-B5D76480412B}
	EndProjectSection
EndProject
Project("{8BC9CEB8-8B4A-11D0-8D11-00A0C91BC942}") = "tutorial09_vbo_indexing", "tutorial09_vbo_indexing.vcxproj", "{16E50DAB-FD4F-4807-9EDC-C4155872E020}"
	ProjectSection(ProjectDependencies) = postProject
		{20F1B00A-09DD-4021-B06B-1CE0E271F070} = {20F1B00A-09DD-4021-B06B-1CE0E271F070}
		{6F278721-33B0-416C-ADB3-7B7FCD5562CB} = {6F278721-33B0-416C-ADB3-7B7FCD5562CB}
		{5FFEDAC8-8ECA-492F-B079-B5D76480412B} = {5FFEDAC8-8ECA-492F-B079-B5D76480412B}
	EndProjectSection
EndProject
Project("{8BC9CEB8-8B4A-11D0-8D11-00A0C91BC942}") = "tutorial10_transparency", "tutorial10_transparency.vcxproj", "{27FDB4D0-A5D4-497B-A89D-E31AA4C0555F}"
	ProjectSection(ProjectDependencies) = postProject
		{20F1B00A-09DD-4021-B06B-1CE0E271F070} = {20F1B00A-09DD-4021-B06B-1CE0E271F070}
		{6F278721-33B0-416C-ADB3-7B7FCD5562CB} = {6F278721-33B0-416C-ADB3-7B7FCD5562CB}
		{5FFEDAC8-8ECA-492F-B079-B5D76480412B} = {5FFEDAC8-8ECA-492F-B079-B5D76480412B}
	EndProjectSection
EndProject
Project("{8BC9CEB8-8B4A-11D0-8D11-00A0C91BC942}") = "tutorial11_2d_fonts", "tutorial11_2d_fonts.vcxproj", "{B655D7BF-997C-4DA4-BA21-81A5BDA6650A}"
	ProjectSection(ProjectDependencies) = postProject
		{20F1B00A-09DD-4021-B06B-1CE0E271F070} = {20F1B00A-09DD-4021-B06B-1CE0E271F070}
		{6F278721-33B0-416C-ADB3-7B7FCD5562CB} = {6F278721-33B0-416C-ADB3-7B7FCD5562CB}
		{5FFEDAC8-8ECA-492F-B079-B5D76480412B} = {5FFEDAC8-8ECA-492F-B079-B5D76480412B}
	EndProjectSection
EndProject
Project("{8BC9CEB8-8B4A-11D0-8D11-00A0C91BC942}") = "tutorial12_extensions", "tutorial12_extensions.vcxproj", "{F1B70DFB-D717-43F7-9358-826AC5080C94}"
	ProjectSection(ProjectDependencies) = postProject
		{20F1B00A-09DD-4021-B06B-1CE0E271F070} = {20F1B00A-09DD-4021-B06B-1CE0E271F070}
		{6F278721-33B0-416C-ADB3-7B7FCD5562CB} = {6F278721-33B0-416C-ADB3-7B7FCD5562CB}
		{5FFEDAC8-8ECA-492F-B079-B5D76480412B} = {5FFEDAC8-8ECA-492F-B079-B5D76480412B}
	EndProjectSection
EndProject
Project("{8BC9CEB8-8B4A-11D0-8D11-00A0C91BC942}") = "tutorial13_normal_mapping", "tutorial13_normal_mapping.vcxproj", "{105D43A7-E68A-469D-A5E4-48DFC212BF1F}"
	ProjectSection(ProjectDependencies) = postProject
		{20F1B00A-09DD-4021-B06B-1CE0E271F070} = {20F1B00A-09DD-4021-B06B-1CE0E271F070}
		{6F278721-33B0-416C-ADB3-7B7FCD5562CB} = {6F278721-33B0-416C-ADB3-7B7FCD5562CB}
		{5FFEDAC8-8ECA-492F-B079-B5D76480412B} = {5FFEDAC8-8ECA-492F-B079-B5D76480412B}
	EndProjectSection
EndProject
Project("{8BC9CEB8-8B4A-11D0-8D11-00A0C91BC942}") = "tutorial14_render_to_texture", "tutorial14_render_to_texture.vcxproj", "{A2360FA9-EEF9-4157-B436-AA31F58744F6}"
	ProjectSection(ProjectDependencies) = postProject
		{20F1B00A-09DD-4021-B06B-1CE0E271F070} = {20F1B00A-09DD-4021-B06B-1CE0E271F070}
		{6F278721-33B0-416C-ADB3-7B7FCD5562CB} = {6F278721-33B0-416C-ADB3-7B7FCD5562CB}
		{5FFEDAC8-8ECA-492F-B079-B5D76480412B} = {5FFEDAC8-8ECA-492F-B079-B5D76480412B}
	EndProjectSection
EndProject
Project("{8BC9CEB8-8B4A-11D0-8D11-00A0C91BC942}") = "tutorial15_lightmaps", "tutorial15_lightmaps.vcxproj", "{0E1CE3E5-935F-4F58-A0D2-C78EB66527DE}"
	ProjectSection(ProjectDependencies) = postProject
		{20F1B00A-09DD-4021-B06B-1CE0E271F070} = {20F1B00A-09DD-4021-B06B-1CE0E271F070}
		{6F278721-33B0-416C-ADB3-7B7FCD5562CB} = {6F278721-33B0-416C-ADB3-7B7FCD5562CB}
		{5FFEDAC8-8ECA-492F-B079-B5D76480412B} = {5FFEDAC8-8ECA-492F-B079-B5D76480412B}
	EndProjectSection
EndProject
Project("{8BC9CEB8-8B4A-11D0-8D11-00A0C91BC942}") = "tutorial16_shadowmaps", "tutorial16_shadowmaps.vcxproj", "{9765FFB4-1DF6-4FFD-A55C-3F6209922F62}"
	ProjectSection(ProjectDependencies) = postProject
		{20F1B00A-09DD-4021-B06B-1CE0E271F070} = {20F1B00A-09DD-4021-B06B-1CE0E271F070}
		{6F278721-33B0-416C-ADB3-7B7FCD5562CB} = {6F278721-33B0-416C-ADB3-7B7FCD5562CB}
		{5FFEDAC8-8ECA-492F-B079-B5D76480412B} = {5FFEDAC8-8ECA-492F-B079-B5D76480412B}
	EndProjectSection
EndProject
Project("{8BC9CEB8-8B4A-11D0-8D11-00A0C91BC942}") = "tutorial16_shadowmaps_simple", "tutorial16_shadowmaps_simple.vcxproj", "{51EC7305-1BA7-41C5-9F33-282C1B91F026}"
	ProjectSection(ProjectDependencies) = postProject
		{20F1B00A-09DD-4021-B06B-1CE0E271F070} = {20F1B00A-09DD-4021-B06B-1CE0E271F070}
		{6F278721-33B0-416C-ADB3-7B7FCD5562CB} = {6F278721-33B0-416C-ADB3-7B7FCD5562CB}
		{5FFEDAC8-8ECA-492F-B079-B5D76480412B} = {5FFEDAC8-8ECA-492F-B079-B5D76480412B}
	EndProjectSection
EndProject
Project("{8BC9CEB8-8B4A-11D0-8D11-00A0C91BC942}") = "tutorial17_rotations", "tutorial17_rotations.vcxproj", "{6EB86DFF-C08A-46E2-AA0E-03C1A23AA150}"
	ProjectSection(ProjectDependencies) = postProject
		{70940400-2FF2-4172-A89C-74AD467E147D} = {70940400-2FF2-4172-A89C-74AD467E147D}
		{20F1B00A-09DD-4021-B06B-1CE0E271F070} = {20F1B00A-09DD-4021-B06B-1CE0E271F070}
		{6F278721-33B0-416C-ADB3-7B7FCD5562CB} = {6F278721-33B0-416C-ADB3-7B7FCD5562CB}
		{5FFEDAC8-8ECA-492F-B079-B5D76480412B} = {5FFEDAC8-8ECA-492F-B079-B5D76480412B}
	EndProjectSection
EndProject
Global
	GlobalSection(SolutionConfigurationPlatforms) = preSolution
		Debug|Itanium = Debug|Itanium
		Release|Itanium = Release|Itanium
	EndGlobalSection
	GlobalSection(ProjectConfigurationPlatforms) = postSolution
		{AB705A80-58A7-4DF8-8D41-2F024959F2C8}.Debug|Itanium.ActiveCfg = Debug|Itanium
		{AB705A80-58A7-4DF8-8D41-2F024959F2C8}.Release|Itanium.ActiveCfg = Release|Itanium
		{70940400-2FF2-4172-A89C-74AD467E147D}.Debug|Itanium.ActiveCfg = Debug|Itanium
		{70940400-2FF2-4172-A89C-74AD467E147D}.Debug|Itanium.Build.0 = Debug|Itanium
		{70940400-2FF2-4172-A89C-74AD467E147D}.Release|Itanium.ActiveCfg = Release|Itanium
		{70940400-2FF2-4172-A89C-74AD467E147D}.Release|Itanium.Build.0 = Release|Itanium
		{20F1B00A-09DD-4021-B06B-1CE0E271F070}.Debug|Itanium.ActiveCfg = Debug|Itanium
		{20F1B00A-09DD-4021-B06B-1CE0E271F070}.Debug|Itanium.Build.0 = Debug|Itanium
		{20F1B00A-09DD-4021-B06B-1CE0E271F070}.Release|Itanium.ActiveCfg = Release|Itanium
		{20F1B00A-09DD-4021-B06B-1CE0E271F070}.Release|Itanium.Build.0 = Release|Itanium
		{6F278721-33B0-416C-ADB3-7B7FCD5562CB}.Debug|Itanium.ActiveCfg = Debug|Itanium
		{6F278721-33B0-416C-ADB3-7B7FCD5562CB}.Debug|Itanium.Build.0 = Debug|Itanium
		{6F278721-33B0-416C-ADB3-7B7FCD5562CB}.Release|Itanium.ActiveCfg = Release|Itanium
		{6F278721-33B0-416C-ADB3-7B7FCD5562CB}.Release|Itanium.Build.0 = Release|Itanium
		{5FFEDAC8-8ECA-492F-B079-B5D76480412B}.Debug|Itanium.ActiveCfg = Debug|Itanium
		{5FFEDAC8-8ECA-492F-B079-B5D76480412B}.Debug|Itanium.Build.0 = Debug|Itanium
		{5FFEDAC8-8ECA-492F-B079-B5D76480412B}.Release|Itanium.ActiveCfg = Release|Itanium
		{5FFEDAC8-8ECA-492F-B079-B5D76480412B}.Release|Itanium.Build.0 = Release|Itanium
		{20B7C939-BC69-4279-BB0E-CBFB99EBD996}.Debug|Itanium.ActiveCfg = Debug|Itanium
		{20B7C939-BC69-4279-BB0E-CBFB99EBD996}.Debug|Itanium.Build.0 = Debug|Itanium
		{20B7C939-BC69-4279-BB0E-CBFB99EBD996}.Release|Itanium.ActiveCfg = Release|Itanium
		{20B7C939-BC69-4279-BB0E-CBFB99EBD996}.Release|Itanium.Build.0 = Release|Itanium
		{88C72F7B-65B4-4CD4-8162-593DA34B9B54}.Debug|Itanium.ActiveCfg = Debug|Itanium
		{88C72F7B-65B4-4CD4-8162-593DA34B9B54}.Debug|Itanium.Build.0 = Debug|Itanium
		{88C72F7B-65B4-4CD4-8162-593DA34B9B54}.Release|Itanium.ActiveCfg = Release|Itanium
		{88C72F7B-65B4-4CD4-8162-593DA34B9B54}.Release|Itanium.Build.0 = Release|Itanium
		{00098F2B-5077-4BB4-A838-9B7FFE5408B8}.Debug|Itanium.ActiveCfg = Debug|Itanium
		{00098F2B-5077-4BB4-A838-9B7FFE5408B8}.Debug|Itanium.Build.0 = Debug|Itanium
		{00098F2B-5077-4BB4-A838-9B7FFE5408B8}.Release|Itanium.ActiveCfg = Release|Itanium
		{00098F2B-5077-4BB4-A838-9B7FFE5408B8}.Release|Itanium.Build.0 = Release|Itanium
		{174F6CD0-F48E-426E-B7E3-6B6815166EC9}.Debug|Itanium.ActiveCfg = Debug|Itanium
		{174F6CD0-F48E-426E-B7E3-6B6815166EC9}.Debug|Itanium.Build.0 = Debug|Itanium
		{174F6CD0-F48E-426E-B7E3-6B6815166EC9}.Release|Itanium.ActiveCfg = Release|Itanium
		{174F6CD0-F48E-426E-B7E3-6B6815166EC9}.Release|Itanium.Build.0 = Release|Itanium
		{021F3EFE-4651-41FF-AE08-4C76DC4BD867}.Debug|Itanium.ActiveCfg = Debug|Itanium
		{021F3EFE-4651-41FF-AE08-4C76DC4BD867}.Debug|Itanium.Build.0 = Debug|Itanium
		{021F3EFE-4651-41FF-AE08-4C76DC4BD867}.Release|Itanium.ActiveCfg = Release|Itanium
		{021F3EFE-4651-41FF-AE08-4C76DC4BD867}.Release|Itanium.Build.0 = Release|Itanium
		{40372F4B-E8C0-4BC9-BEF6-4BE44256A029}.Debug|Itanium.ActiveCfg = Debug|Itanium
		{40372F4B-E8C0-4BC9-BEF6-4BE44256A029}.Debug|Itanium.Build.0 = Debug|Itanium
		{40372F4B-E8C0-4BC9-BEF6-4BE44256A029}.Release|Itanium.ActiveCfg = Release|Itanium
		{40372F4B-E8C0-4BC9-BEF6-4BE44256A029}.Release|Itanium.Build.0 = Release|Itanium
		{77C61649-654B-4350-8819-9251F7C2C94B}.Debug|Itanium.ActiveCfg = Debug|Itanium
		{77C61649-654B-4350-8819-9251F7C2C94B}.Debug|Itanium.Build.0 = Debug|Itanium
		{77C61649-654B-4350-8819-9251F7C2C94B}.Release|Itanium.ActiveCfg = Release|Itanium
		{77C61649-654B-4350-8819-9251F7C2C94B}.Release|Itanium.Build.0 = Release|Itanium
		{876FE403-AA3E-4F63-B2DD-2F144AF54E10}.Debug|Itanium.ActiveCfg = Debug|Itanium
		{876FE403-AA3E-4F63-B2DD-2F144AF54E10}.Debug|Itanium.Build.0 = Debug|Itanium
		{876FE403-AA3E-4F63-B2DD-2F144AF54E10}.Release|Itanium.ActiveCfg = Release|Itanium
		{876FE403-AA3E-4F63-B2DD-2F144AF54E10}.Release|Itanium.Build.0 = Release|Itanium
		{159FD9C8-7044-4704-94A6-EF8364FDBD05}.Debug|Itanium.ActiveCfg = Debug|Itanium
		{159FD9C8-7044-4704-94A6-EF8364FDBD05}.Debug|Itanium.Build.0 = Debug|Itanium
		{159FD9C8-7044-4704-94A6-EF8364FDBD05}.Release|Itanium.ActiveCfg = Release|Itanium
		{159FD9C8-7044-4704-94A6-EF8364FDBD05}.Release|Itanium.Build.0 = Release|Itanium
		{16E50DAB-FD4F-4807-9EDC-C4155872E020}.Debug|Itanium.ActiveCfg = Debug|Itanium
		{16E50DAB-FD4F-4807-9EDC-C4155872E020}.Debug|Itanium.Build.0 = Debug|Itanium
		{16E50DAB-FD4F-4807-9EDC-C4155872E020}.Release|Itanium.ActiveCfg = Release|Itanium
		{16E50DAB-FD4F-4807-9EDC-C4155872E020}.Release|Itanium.Build.0 = Release|Itanium
		{27FDB4D0-A5D4-497B-A89D-E31AA4C0555F}.Debug|Itanium.ActiveCfg = Debug|Itanium
		{27FDB4D0-A5D4-497B-A89D-E31AA4C0555F}.Debug|Itanium.Build.0 = Debug|Itanium
		{27FDB4D0-A5D4-497B-A89D-E31AA4C0555F}.Release|Itanium.ActiveCfg = Release|Itanium
		{27FDB4D0-A5D4-497B-A89D-E31AA4C0555F}.Release|Itanium.Build.0 = Release|Itanium
		{B655D7BF-997C-4DA4-BA21-81A5BDA6650A}.Debug|Itanium.ActiveCfg = Debug|Itanium
		{B655D7BF-997C-4DA4-BA21-81A5BDA6650A}.Debug|Itanium.Build.0 = Debug|Itanium
		{B655D7BF-997C-4DA4-BA21-81A5BDA6650A}.Release|Itanium.ActiveCfg = Release|Itanium
		{B655D7BF-997C-4DA4-BA21-81A5BDA6650A}.Release|Itanium.Build.0 = Release|Itanium
		{F1B70DFB-D717-43F7-9358-826AC5080C94}.Debug|Itanium.ActiveCfg = Debug|Itanium
		{F1B70DFB-D717-43F7-9358-826AC5080C94}.Debug|Itanium.Build.0 = Debug|Itanium
		{F1B70DFB-D717-43F7-9358-826AC5080C94}.Release|Itanium.ActiveCfg = Release|Itanium
		{F1B70DFB-D717-43F7-9358-826AC5080C94}.Release|Itanium.Build.0 = Release|Itanium
		{105D43A7-E68A-469D-A5E4-48DFC212BF1F}.Debug|Itanium.ActiveCfg = Debug|Itanium
		{105D43A7-E68A-469D-A5E4-48DFC212BF1F}.Debug|Itanium.Build.0 = Debug|Itanium
		{105D43A7-E68A-469D-A5E4-48DFC212BF1F}.Release|Itanium.ActiveCfg = Release|Itanium
		{105D43A7-E68A-469D-A5E4-48DFC212BF1F}.Release|Itanium.Build.0 = Release|Itanium
		{A2360FA9-EEF9-4157-B436-AA31F58744F6}.Debug|Itanium.ActiveCfg = Debug|Itanium
		{A2360FA9-EEF9-4157-B436-AA31F58744F6}.Debug|Itanium.Build.0 = Debug|Itanium
		{A2360FA9-EEF9-4157-B436-AA31F58744F6}.Release|Itanium.ActiveCfg = Release|Itanium
		{A2360FA9-EEF9-4157-B436-AA31F58744F6}.Release|Itanium.Build.0 = Release|Itanium
		{0E1CE3E5-935F-4F58-A0D2-C78EB66527DE}.Debug|Itanium.ActiveCfg = Debug|Itanium
		{0E1CE3E5-935F-4F58-A0D2-C78EB66527DE}.Debug|Itanium.Build.0 = Debug|Itanium
		{0E1CE3E5-935F-4F58-A0D2-C78EB66527DE}.Release|Itanium.ActiveCfg = Release|Itanium
		{0E1CE3E5-935F-4F58-A0D2-C78EB66527DE}.Release|Itanium.Build.0 = Release|Itanium
		{9765FFB4-1DF6-4FFD-A55C-3F6209922F62}.Debug|Itanium.ActiveCfg = Debug|Itanium
		{9765FFB4-1DF6-4FFD-A55C-3F6209922F62}.Debug|Itanium.Build.0 = Debug|Itanium
		{9765FFB4-1DF6-4FFD-A55C-3F6209922F62}.Release|Itanium.ActiveCfg = Release|Itanium
		{9765FFB4-1DF6-4FFD-A55C-3F6209922F62}.Release|Itanium.Build.0 = Release|Itanium
		{51EC7305-1BA7-41C5-9F33-282C1B91F026}.Debug|Itanium.ActiveCfg = Debug|Itanium
		{51EC7305-1BA7-41C5-9F33-282C1B91F026}.Debug|Itanium.Build.0 = Debug|Itanium
		{51EC7305-1BA7-41C5-9F33-282C1B91F026}.Release|Itanium.ActiveCfg = Release|Itanium
		{51EC7305-1BA7-41C5-9F33-282C1B91F026}.Release|Itanium.Build.0 = Release|Itanium
		{6EB86DFF-C08A-46E2-AA0E-03C1A23AA150}.Debug|Itanium.ActiveCfg = Debug|Itanium
		{6EB86DFF-C08A-46E2-AA0E-03C1A23AA150}.Debug|Itanium.Build.0 = Debug|Itanium
		{6EB86DFF-C08A-46E2-AA0E-03C1A23AA150}.Release|Itanium.ActiveCfg = Release|Itanium
		{6EB86DFF-C08A-46E2-AA0E-03C1A23AA150}.Release|Itanium.Build.0 = Release|Itanium
	EndGlobalSection
	GlobalSection(ExtensibilityGlobals) = postSolution
	EndGlobalSection
	GlobalSection(ExtensibilityAddIns) = postSolution
	EndGlobalSection
EndGlobal
